
Microsoft Visual Studio Solution File, Format Version 12.00
# Visual Studio Version 16
VisualStudioVersion = 16.0.30717.126
MinimumVisualStudioVersion = 10.0.40219.1
Project("{FAE04EC0-301F-11D3-BF4B-00C04F79EFBC}") = "BulkOperationsEFCoreBulkOperations", "BulkOperationsEFCoreBulkOperations\BulkOperationsEFCoreBulkOperations.csproj", "{B56231AC-9BE3-4B54-A832-FDF88C00DE8D}"
EndProject
Global
	GlobalSection(SolutionConfigurationPlatforms) = preSolution
		Debug|Any CPU = Debug|Any CPU
		Release|Any CPU = Release|Any CPU
	EndGlobalSection
	GlobalSection(ProjectConfigurationPlatforms) = postSolution
		{B56231AC-9BE3-4B54-A832-FDF88C00DE8D}.Debug|Any CPU.ActiveCfg = Debug|Any CPU
		{B56231AC-9BE3-4B54-A832-FDF88C00DE8D}.Debug|Any CPU.Build.0 = Debug|Any CPU
		{B56231AC-9BE3-4B54-A832-FDF88C00DE8D}.Release|Any CPU.ActiveCfg = Release|Any CPU
		{B56231AC-9BE3-4B54-A832-FDF88C00DE8D}.Release|Any CPU.Build.0 = Release|Any CPU
	EndGlobalSection
	GlobalSection(SolutionProperties) = preSolution
		HideSolutionNode = FALSE
	EndGlobalSection
	GlobalSection(ExtensibilityGlobals) = postSolution
		SolutionGuid = {BEFDC8F1-9182-48BD-A866-A38A5FCA0CDA}
	EndGlobalSection
EndGlobal
